
Microsoft Visual Studio Solution File, Format Version 12.00
# Visual Studio 15
VisualStudioVersion = 15.0.27130.2027
MinimumVisualStudioVersion = 10.0.40219.1
Project("{9A19103F-16F7-4668-BE54-9A1E7A4F7556}") = "VKGame.Bot", "VKGame.Bot\VKGame.Bot.csproj", "{D3E3663A-4472-45C7-82B0-D359F8BDB508}"
EndProject
Project("{FAE04EC0-301F-11D3-BF4B-00C04F79EFBC}") = "VKGame.WebAPI", "VKGame.WebAPI\VKGame.WebAPI.csproj", "{677ABB2A-DB75-41F7-9DCB-FD35CF89DB07}"
EndProject
Global
	GlobalSection(SolutionConfigurationPlatforms) = preSolution
		Debug|Any CPU = Debug|Any CPU
		Debug|ARM = Debug|ARM
		Debug|x64 = Debug|x64
		Debug|x86 = Debug|x86
		Release|Any CPU = Release|Any CPU
		Release|ARM = Release|ARM
		Release|x64 = Release|x64
		Release|x86 = Release|x86
	EndGlobalSection
	GlobalSection(ProjectConfigurationPlatforms) = postSolution
		{D3E3663A-4472-45C7-82B0-D359F8BDB508}.Debug|Any CPU.ActiveCfg = Debug|Any CPU
		{D3E3663A-4472-45C7-82B0-D359F8BDB508}.Debug|Any CPU.Build.0 = Debug|Any CPU
		{D3E3663A-4472-45C7-82B0-D359F8BDB508}.Debug|ARM.ActiveCfg = Debug|Any CPU
		{D3E3663A-4472-45C7-82B0-D359F8BDB508}.Debug|ARM.Build.0 = Debug|Any CPU
		{D3E3663A-4472-45C7-82B0-D359F8BDB508}.Debug|x64.ActiveCfg = Debug|Any CPU
		{D3E3663A-4472-45C7-82B0-D359F8BDB508}.Debug|x64.Build.0 = Debug|Any CPU
		{D3E3663A-4472-45C7-82B0-D359F8BDB508}.Debug|x86.ActiveCfg = Debug|Any CPU
		{D3E3663A-4472-45C7-82B0-D359F8BDB508}.Debug|x86.Build.0 = Debug|Any CPU
		{D3E3663A-4472-45C7-82B0-D359F8BDB508}.Release|Any CPU.ActiveCfg = Release|Any CPU
		{D3E3663A-4472-45C7-82B0-D359F8BDB508}.Release|Any CPU.Build.0 = Release|Any CPU
		{D3E3663A-4472-45C7-82B0-D359F8BDB508}.Release|ARM.ActiveCfg = Release|Any CPU
		{D3E3663A-4472-45C7-82B0-D359F8BDB508}.Release|ARM.Build.0 = Release|Any CPU
		{D3E3663A-4472-45C7-82B0-D359F8BDB508}.Release|x64.ActiveCfg = Release|Any CPU
		{D3E3663A-4472-45C7-82B0-D359F8BDB508}.Release|x64.Build.0 = Release|Any CPU
		{D3E3663A-4472-45C7-82B0-D359F8BDB508}.Release|x86.ActiveCfg = Release|Any CPU
		{D3E3663A-4472-45C7-82B0-D359F8BDB508}.Release|x86.Build.0 = Release|Any CPU
		{677ABB2A-DB75-41F7-9DCB-FD35CF89DB07}.Debug|Any CPU.ActiveCfg = Debug|Any CPU
		{677ABB2A-DB75-41F7-9DCB-FD35CF89DB07}.Debug|Any CPU.Build.0 = Debug|Any CPU
		{677ABB2A-DB75-41F7-9DCB-FD35CF89DB07}.Debug|ARM.ActiveCfg = Debug|Any CPU
		{677ABB2A-DB75-41F7-9DCB-FD35CF89DB07}.Debug|ARM.Build.0 = Debug|Any CPU
		{677ABB2A-DB75-41F7-9DCB-FD35CF89DB07}.Debug|x64.ActiveCfg = Debug|Any CPU
		{677ABB2A-DB75-41F7-9DCB-FD35CF89DB07}.Debug|x64.Build.0 = Debug|Any CPU
		{677ABB2A-DB75-41F7-9DCB-FD35CF89DB07}.Debug|x86.ActiveCfg = Debug|Any CPU
		{677ABB2A-DB75-41F7-9DCB-FD35CF89DB07}.Debug|x86.Build.0 = Debug|Any CPU
		{677ABB2A-DB75-41F7-9DCB-FD35CF89DB07}.Release|Any CPU.ActiveCfg = Release|Any CPU
		{677ABB2A-DB75-41F7-9DCB-FD35CF89DB07}.Release|Any CPU.Build.0 = Release|Any CPU
		{677ABB2A-DB75-41F7-9DCB-FD35CF89DB07}.Release|ARM.ActiveCfg = Release|Any CPU
		{677ABB2A-DB75-41F7-9DCB-FD35CF89DB07}.Release|ARM.Build.0 = Release|Any CPU
		{677ABB2A-DB75-41F7-9DCB-FD35CF89DB07}.Release|x64.ActiveCfg = Release|Any CPU
		{677ABB2A-DB75-41F7-9DCB-FD35CF89DB07}.Release|x64.Build.0 = Release|Any CPU
		{677ABB2A-DB75-41F7-9DCB-FD35CF89DB07}.Release|x86.ActiveCfg = Release|Any CPU
		{677ABB2A-DB75-41F7-9DCB-FD35CF89DB07}.Release|x86.Build.0 = Release|Any CPU
	EndGlobalSection
	GlobalSection(SolutionProperties) = preSolution
		HideSolutionNode = FALSE
	EndGlobalSection
	GlobalSection(ExtensibilityGlobals) = postSolution
		SolutionGuid = {FF108F4B-7E67-40ED-840F-30D2BA80995D}
	EndGlobalSection
EndGlobal
